
Microsoft Visual Studio Solution File, Format Version 12.00
# Visual Studio 2012
Project("{FAE04EC0-301F-11D3-BF4B-00C04F79EFBC}") = "VirtualBoxPOC", "VirtualBoxPOC\VirtualBoxPOC.csproj", "{596CC4C9-FE25-4D9D-8AF4-AEC7B204C377}"
EndProject
Project("{FAE04EC0-301F-11D3-BF4B-00C04F79EFBC}") = "VirtualBoxPOC.Tests", "VirtualBoxPOC.Tests\VirtualBoxPOC.Tests.csproj", "{AE8FEF10-756F-427D-9617-13F2717DD2A0}"
EndProject
Global
	GlobalSection(SolutionConfigurationPlatforms) = preSolution
		Debug|Any CPU = Debug|Any CPU
		Release|Any CPU = Release|Any CPU
	EndGlobalSection
	GlobalSection(ProjectConfigurationPlatforms) = postSolution
		{596CC4C9-FE25-4D9D-8AF4-AEC7B204C377}.Debug|Any CPU.ActiveCfg = Debug|Any CPU
		{596CC4C9-FE25-4D9D-8AF4-AEC7B204C377}.Debug|Any CPU.Build.0 = Debug|Any CPU
		{596CC4C9-FE25-4D9D-8AF4-AEC7B204C377}.Release|Any CPU.ActiveCfg = Release|Any CPU
		{596CC4C9-FE25-4D9D-8AF4-AEC7B204C377}.Release|Any CPU.Build.0 = Release|Any CPU
		{AE8FEF10-756F-427D-9617-13F2717DD2A0}.Debug|Any CPU.ActiveCfg = Debug|Any CPU
		{AE8FEF10-756F-427D-9617-13F2717DD2A0}.Debug|Any CPU.Build.0 = Debug|Any CPU
		{AE8FEF10-756F-427D-9617-13F2717DD2A0}.Release|Any CPU.ActiveCfg = Release|Any CPU
		{AE8FEF10-756F-427D-9617-13F2717DD2A0}.Release|Any CPU.Build.0 = Release|Any CPU
	EndGlobalSection
	GlobalSection(SolutionProperties) = preSolution
		HideSolutionNode = FALSE
	EndGlobalSection
EndGlobal
